
Microsoft Visual Studio Solution File, Format Version 12.00
# Visual Studio Version 16
VisualStudioVersion = 16.0.29001.49
MinimumVisualStudioVersion = 10.0.40219.1
Project("{FAE04EC0-301F-11D3-BF4B-00C04F79EFBC}") = "Visibilidad", "Visibilidad\Visibilidad.csproj", "{C8806165-F21A-45CF-95CA-443FCFC7176B}"
EndProject
Global
	GlobalSection(SolutionConfigurationPlatforms) = preSolution
		Debug|Any CPU = Debug|Any CPU
		Release|Any CPU = Release|Any CPU
	EndGlobalSection
	GlobalSection(ProjectConfigurationPlatforms) = postSolution
		{C8806165-F21A-45CF-95CA-443FCFC7176B}.Debug|Any CPU.ActiveCfg = Debug|Any CPU
		{C8806165-F21A-45CF-95CA-443FCFC7176B}.Debug|Any CPU.Build.0 = Debug|Any CPU
		{C8806165-F21A-45CF-95CA-443FCFC7176B}.Release|Any CPU.ActiveCfg = Release|Any CPU
		{C8806165-F21A-45CF-95CA-443FCFC7176B}.Release|Any CPU.Build.0 = Release|Any CPU
	EndGlobalSection
	GlobalSection(SolutionProperties) = preSolution
		HideSolutionNode = FALSE
	EndGlobalSection
	GlobalSection(ExtensibilityGlobals) = postSolution
		SolutionGuid = {E16E3B7F-4947-4E1E-B9D9-4C78B83A5A73}
	EndGlobalSection
EndGlobal
